
Microsoft Visual Studio Solution File, Format Version 12.00
# Visual Studio Version 17
VisualStudioVersion = 17.4.33110.190
MinimumVisualStudioVersion = 10.0.40219.1
Project("{9A19103F-16F7-4668-BE54-9A1E7A4F7556}") = "Tic-tac-toe V1", "ConsoleApp1\Tic-tac-toe V1.csproj", "{1052CB1F-D79F-4FED-875E-D072F0B025F7}"
EndProject
Global
	GlobalSection(SolutionConfigurationPlatforms) = preSolution
		Debug|Any CPU = Debug|Any CPU
		Release|Any CPU = Release|Any CPU
	EndGlobalSection
	GlobalSection(ProjectConfigurationPlatforms) = postSolution
		{1052CB1F-D79F-4FED-875E-D072F0B025F7}.Debug|Any CPU.ActiveCfg = Debug|Any CPU
		{1052CB1F-D79F-4FED-875E-D072F0B025F7}.Debug|Any CPU.Build.0 = Debug|Any CPU
		{1052CB1F-D79F-4FED-875E-D072F0B025F7}.Release|Any CPU.ActiveCfg = Release|Any CPU
		{1052CB1F-D79F-4FED-875E-D072F0B025F7}.Release|Any CPU.Build.0 = Release|Any CPU
	EndGlobalSection
	GlobalSection(SolutionProperties) = preSolution
		HideSolutionNode = FALSE
	EndGlobalSection
	GlobalSection(ExtensibilityGlobals) = postSolution
		SolutionGuid = {B06986EC-A2D2-47AB-B349-546D12D6920E}
	EndGlobalSection
EndGlobal
